
Microsoft Visual Studio Solution File, Format Version 12.00
# Visual Studio Version 17
VisualStudioVersion = 17.5.33530.505
MinimumVisualStudioVersion = 10.0.40219.1
Project("{FAE04EC0-301F-11D3-BF4B-00C04F79EFBC}") = "lab04.Android", "lab04\lab04.Android\lab04.Android.csproj", "{08E3BD2B-56FB-49E4-A9A9-69FA28847C67}"
EndProject
Project("{FAE04EC0-301F-11D3-BF4B-00C04F79EFBC}") = "lab04.iOS", "lab04\lab04.iOS\lab04.iOS.csproj", "{9A456221-7483-4AC6-BF13-CBA0FE1C58E9}"
EndProject
Project("{FAE04EC0-301F-11D3-BF4B-00C04F79EFBC}") = "lab04", "lab04\lab04\lab04.csproj", "{C5CDF929-E161-417E-840F-795ED269E932}"
EndProject
Global
	GlobalSection(SolutionConfigurationPlatforms) = preSolution
		Debug|Any CPU = Debug|Any CPU
		Debug|iPhone = Debug|iPhone
		Debug|iPhoneSimulator = Debug|iPhoneSimulator
		Release|Any CPU = Release|Any CPU
		Release|iPhone = Release|iPhone
		Release|iPhoneSimulator = Release|iPhoneSimulator
	EndGlobalSection
	GlobalSection(ProjectConfigurationPlatforms) = postSolution
		{08E3BD2B-56FB-49E4-A9A9-69FA28847C67}.Debug|Any CPU.ActiveCfg = Debug|Any CPU
		{08E3BD2B-56FB-49E4-A9A9-69FA28847C67}.Debug|Any CPU.Build.0 = Debug|Any CPU
		{08E3BD2B-56FB-49E4-A9A9-69FA28847C67}.Debug|Any CPU.Deploy.0 = Debug|Any CPU
		{08E3BD2B-56FB-49E4-A9A9-69FA28847C67}.Debug|iPhone.ActiveCfg = Debug|Any CPU
		{08E3BD2B-56FB-49E4-A9A9-69FA28847C67}.Debug|iPhone.Build.0 = Debug|Any CPU
		{08E3BD2B-56FB-49E4-A9A9-69FA28847C67}.Debug|iPhone.Deploy.0 = Debug|Any CPU
		{08E3BD2B-56FB-49E4-A9A9-69FA28847C67}.Debug|iPhoneSimulator.ActiveCfg = Debug|Any CPU
		{08E3BD2B-56FB-49E4-A9A9-69FA28847C67}.Debug|iPhoneSimulator.Build.0 = Debug|Any CPU
		{08E3BD2B-56FB-49E4-A9A9-69FA28847C67}.Debug|iPhoneSimulator.Deploy.0 = Debug|Any CPU
		{08E3BD2B-56FB-49E4-A9A9-69FA28847C67}.Release|Any CPU.ActiveCfg = Release|Any CPU
		{08E3BD2B-56FB-49E4-A9A9-69FA28847C67}.Release|Any CPU.Build.0 = Release|Any CPU
		{08E3BD2B-56FB-49E4-A9A9-69FA28847C67}.Release|Any CPU.Deploy.0 = Release|Any CPU
		{08E3BD2B-56FB-49E4-A9A9-69FA28847C67}.Release|iPhone.ActiveCfg = Release|Any CPU
		{08E3BD2B-56FB-49E4-A9A9-69FA28847C67}.Release|iPhone.Build.0 = Release|Any CPU
		{08E3BD2B-56FB-49E4-A9A9-69FA28847C67}.Release|iPhone.Deploy.0 = Release|Any CPU
		{08E3BD2B-56FB-49E4-A9A9-69FA28847C67}.Release|iPhoneSimulator.ActiveCfg = Release|Any CPU
		{08E3BD2B-56FB-49E4-A9A9-69FA28847C67}.Release|iPhoneSimulator.Build.0 = Release|Any CPU
		{08E3BD2B-56FB-49E4-A9A9-69FA28847C67}.Release|iPhoneSimulator.Deploy.0 = Release|Any CPU
		{9A456221-7483-4AC6-BF13-CBA0FE1C58E9}.Debug|Any CPU.ActiveCfg = Debug|iPhone
		{9A456221-7483-4AC6-BF13-CBA0FE1C58E9}.Debug|Any CPU.Build.0 = Debug|iPhone
		{9A456221-7483-4AC6-BF13-CBA0FE1C58E9}.Debug|Any CPU.Deploy.0 = Debug|iPhone
		{9A456221-7483-4AC6-BF13-CBA0FE1C58E9}.Debug|iPhone.ActiveCfg = Debug|iPhone
		{9A456221-7483-4AC6-BF13-CBA0FE1C58E9}.Debug|iPhone.Build.0 = Debug|iPhone
		{9A456221-7483-4AC6-BF13-CBA0FE1C58E9}.Debug|iPhone.Deploy.0 = Debug|iPhone
		{9A456221-7483-4AC6-BF13-CBA0FE1C58E9}.Debug|iPhoneSimulator.ActiveCfg = Debug|iPhoneSimulator
		{9A456221-7483-4AC6-BF13-CBA0FE1C58E9}.Debug|iPhoneSimulator.Build.0 = Debug|iPhoneSimulator
		{9A456221-7483-4AC6-BF13-CBA0FE1C58E9}.Debug|iPhoneSimulator.Deploy.0 = Debug|iPhoneSimulator
		{9A456221-7483-4AC6-BF13-CBA0FE1C58E9}.Release|Any CPU.ActiveCfg = Release|iPhoneSimulator
		{9A456221-7483-4AC6-BF13-CBA0FE1C58E9}.Release|Any CPU.Build.0 = Release|iPhoneSimulator
		{9A456221-7483-4AC6-BF13-CBA0FE1C58E9}.Release|Any CPU.Deploy.0 = Release|iPhoneSimulator
		{9A456221-7483-4AC6-BF13-CBA0FE1C58E9}.Release|iPhone.ActiveCfg = Release|iPhone
		{9A456221-7483-4AC6-BF13-CBA0FE1C58E9}.Release|iPhone.Build.0 = Release|iPhone
		{9A456221-7483-4AC6-BF13-CBA0FE1C58E9}.Release|iPhone.Deploy.0 = Release|iPhone
		{9A456221-7483-4AC6-BF13-CBA0FE1C58E9}.Release|iPhoneSimulator.ActiveCfg = Release|iPhoneSimulator
		{9A456221-7483-4AC6-BF13-CBA0FE1C58E9}.Release|iPhoneSimulator.Build.0 = Release|iPhoneSimulator
		{9A456221-7483-4AC6-BF13-CBA0FE1C58E9}.Release|iPhoneSimulator.Deploy.0 = Release|iPhoneSimulator
		{C5CDF929-E161-417E-840F-795ED269E932}.Debug|Any CPU.ActiveCfg = Debug|Any CPU
		{C5CDF929-E161-417E-840F-795ED269E932}.Debug|Any CPU.Build.0 = Debug|Any CPU
		{C5CDF929-E161-417E-840F-795ED269E932}.Debug|Any CPU.Deploy.0 = Debug|Any CPU
		{C5CDF929-E161-417E-840F-795ED269E932}.Debug|iPhone.ActiveCfg = Debug|Any CPU
		{C5CDF929-E161-417E-840F-795ED269E932}.Debug|iPhone.Build.0 = Debug|Any CPU
		{C5CDF929-E161-417E-840F-795ED269E932}.Debug|iPhone.Deploy.0 = Debug|Any CPU
		{C5CDF929-E161-417E-840F-795ED269E932}.Debug|iPhoneSimulator.ActiveCfg = Debug|Any CPU
		{C5CDF929-E161-417E-840F-795ED269E932}.Debug|iPhoneSimulator.Build.0 = Debug|Any CPU
		{C5CDF929-E161-417E-840F-795ED269E932}.Debug|iPhoneSimulator.Deploy.0 = Debug|Any CPU
		{C5CDF929-E161-417E-840F-795ED269E932}.Release|Any CPU.ActiveCfg = Release|Any CPU
		{C5CDF929-E161-417E-840F-795ED269E932}.Release|Any CPU.Build.0 = Release|Any CPU
		{C5CDF929-E161-417E-840F-795ED269E932}.Release|Any CPU.Deploy.0 = Release|Any CPU
		{C5CDF929-E161-417E-840F-795ED269E932}.Release|iPhone.ActiveCfg = Release|Any CPU
		{C5CDF929-E161-417E-840F-795ED269E932}.Release|iPhone.Build.0 = Release|Any CPU
		{C5CDF929-E161-417E-840F-795ED269E932}.Release|iPhone.Deploy.0 = Release|Any CPU
		{C5CDF929-E161-417E-840F-795ED269E932}.Release|iPhoneSimulator.ActiveCfg = Release|Any CPU
		{C5CDF929-E161-417E-840F-795ED269E932}.Release|iPhoneSimulator.Build.0 = Release|Any CPU
		{C5CDF929-E161-417E-840F-795ED269E932}.Release|iPhoneSimulator.Deploy.0 = Release|Any CPU
	EndGlobalSection
	GlobalSection(SolutionProperties) = preSolution
		HideSolutionNode = FALSE
	EndGlobalSection
	GlobalSection(ExtensibilityGlobals) = postSolution
		SolutionGuid = {4B0FE039-3C2E-4FA7-85A3-AAE903A5FAFF}
	EndGlobalSection
EndGlobal
